// !$*UTF8*$!
{
	archiveVersion = 1;
	classes = {
	};
	objectVersion = 50;
	objects = {

/* Begin PBXBuildFile section */
		BA2AFCB72644DB2000FFBB46 /* AppDelegate.swift in Sources */ = {isa = PBXBuildFile; fileRef = BA2AFCB62644DB2000FFBB46 /* AppDelegate.swift */; };
		BA2AFCB92644DB2000FFBB46 /* SceneDelegate.swift in Sources */ = {isa = PBXBuildFile; fileRef = BA2AFCB82644DB2000FFBB46 /* SceneDelegate.swift */; };
		BA2AFCC12644DB2000FFBB46 /* Hacker_Mobile_News.xcdatamodeld in Sources */ = {isa = PBXBuildFile; fileRef = BA2AFCBF2644DB2000FFBB46 /* Hacker_Mobile_News.xcdatamodeld */; };
		BA2AFCC32644DB2100FFBB46 /* Assets.xcassets in Resources */ = {isa = PBXBuildFile; fileRef = BA2AFCC22644DB2100FFBB46 /* Assets.xcassets */; };
		BA2AFCC62644DB2100FFBB46 /* LaunchScreen.storyboard in Resources */ = {isa = PBXBuildFile; fileRef = BA2AFCC42644DB2100FFBB46 /* LaunchScreen.storyboard */; };
		BA2AFCCE2644DB5F00FFBB46 /* NewsViewController.swift in Sources */ = {isa = PBXBuildFile; fileRef = BA2AFCCD2644DB5F00FFBB46 /* NewsViewController.swift */; };
/* End PBXBuildFile section */

/* Begin PBXFileReference section */
		BA2AFCB32644DB2000FFBB46 /* Hacker Mobile News.app */ = {isa = PBXFileReference; explicitFileType = wrapper.application; includeInIndex = 0; path = "Hacker Mobile News.app"; sourceTree = BUILT_PRODUCTS_DIR; };
		BA2AFCB62644DB2000FFBB46 /* AppDelegate.swift */ = {isa = PBXFileReference; lastKnownFileType = sourcecode.swift; path = AppDelegate.swift; sourceTree = "<group>"; };
		BA2AFCB82644DB2000FFBB46 /* SceneDelegate.swift */ = {isa = PBXFileReference; lastKnownFileType = sourcecode.swift; path = SceneDelegate.swift; sourceTree = "<group>"; };
		BA2AFCC02644DB2000FFBB46 /* Hacker_Mobile_News.xcdatamodel */ = {isa = PBXFileReference; lastKnownFileType = wrapper.xcdatamodel; path = Hacker_Mobile_News.xcdatamodel; sourceTree = "<group>"; };
		BA2AFCC22644DB2100FFBB46 /* Assets.xcassets */ = {isa = PBXFileReference; lastKnownFileType = folder.assetcatalog; path = Assets.xcassets; sourceTree = "<group>"; };
		BA2AFCC52644DB2100FFBB46 /* Base */ = {isa = PBXFileReference; lastKnownFileType = file.storyboard; name = Base; path = Base.lproj/LaunchScreen.storyboard; sourceTree = "<group>"; };
		BA2AFCC72644DB2100FFBB46 /* Info.plist */ = {isa = PBXFileReference; lastKnownFileType = text.plist.xml; path = Info.plist; sourceTree = "<group>"; };
		BA2AFCCD2644DB5F00FFBB46 /* NewsViewController.swift */ = {isa = PBXFileReference; lastKnownFileType = sourcecode.swift; path = NewsViewController.swift; sourceTree = "<group>"; };
/* End PBXFileReference section */

/* Begin PBXFrameworksBuildPhase section */
		BA2AFCB02644DB2000FFBB46 /* Frameworks */ = {
			isa = PBXFrameworksBuildPhase;
			buildActionMask = 2147483647;
			files = (
			);
			runOnlyForDeploymentPostprocessing = 0;
		};
/* End PBXFrameworksBuildPhase section */

/* Begin PBXGroup section */
		BA2AFCAA2644DB2000FFBB46 = {
			isa = PBXGroup;
			children = (
				BA2AFCB52644DB2000FFBB46 /* Hacker Mobile News */,
				BA2AFCB42644DB2000FFBB46 /* Products */,
			);
			sourceTree = "<group>";
		};
		BA2AFCB42644DB2000FFBB46 /* Products */ = {
			isa = PBXGroup;
			children = (
				BA2AFCB32644DB2000FFBB46 /* Hacker Mobile News.app */,
			);
			name = Products;
			sourceTree = "<group>";
		};
		BA2AFCB52644DB2000FFBB46 /* Hacker Mobile News */ = {
			isa = PBXGroup;
			children = (
				BA2AFCD12644DB7700FFBB46 /* Models */,
				BA2AFCD02644DB7100FFBB46 /* Views */,
				BA2AFCCF2644DB6800FFBB46 /* Controllers */,
				BA2AFCD22644DD6D00FFBB46 /* Support */,
				BA2AFCC22644DB2100FFBB46 /* Assets.xcassets */,
			);
			path = "Hacker Mobile News";
			sourceTree = "<group>";
		};
		BA2AFCCF2644DB6800FFBB46 /* Controllers */ = {
			isa = PBXGroup;
			children = (
				BA2AFCCD2644DB5F00FFBB46 /* NewsViewController.swift */,
			);
			path = Controllers;
			sourceTree = "<group>";
		};
		BA2AFCD02644DB7100FFBB46 /* Views */ = {
			isa = PBXGroup;
			children = (
				BA2AFCD32644DD9000FFBB46 /* Storyboards */,
			);
			path = Views;
			sourceTree = "<group>";
		};
		BA2AFCD12644DB7700FFBB46 /* Models */ = {
			isa = PBXGroup;
			children = (
				BA2AFCBF2644DB2000FFBB46 /* Hacker_Mobile_News.xcdatamodeld */,
			);
			path = Models;
			sourceTree = "<group>";
		};
		BA2AFCD22644DD6D00FFBB46 /* Support */ = {
			isa = PBXGroup;
			children = (
				BA2AFCB62644DB2000FFBB46 /* AppDelegate.swift */,
				BA2AFCB82644DB2000FFBB46 /* SceneDelegate.swift */,
				BA2AFCC72644DB2100FFBB46 /* Info.plist */,
			);
			path = Support;
			sourceTree = "<group>";
		};
		BA2AFCD32644DD9000FFBB46 /* Storyboards */ = {
			isa = PBXGroup;
			children = (
				BA2AFCC42644DB2100FFBB46 /* LaunchScreen.storyboard */,
			);
			path = Storyboards;
			sourceTree = "<group>";
		};
/* End PBXGroup section */

/* Begin PBXNativeTarget section */
		BA2AFCB22644DB2000FFBB46 /* Hacker Mobile News */ = {
			isa = PBXNativeTarget;
			buildConfigurationList = BA2AFCCA2644DB2100FFBB46 /* Build configuration list for PBXNativeTarget "Hacker Mobile News" */;
			buildPhases = (
				BA2AFCAF2644DB2000FFBB46 /* Sources */,
				BA2AFCB02644DB2000FFBB46 /* Frameworks */,
				BA2AFCB12644DB2000FFBB46 /* Resources */,
			);
			buildRules = (
			);
			dependencies = (
			);
			name = "Hacker Mobile News";
			productName = "Hacker Mobile News";
			productReference = BA2AFCB32644DB2000FFBB46 /* Hacker Mobile News.app */;
			productType = "com.apple.product-type.application";
		};
/* End PBXNativeTarget section */

/* Begin PBXProject section */
		BA2AFCAB2644DB2000FFBB46 /* Project object */ = {
			isa = PBXProject;
			attributes = {
				LastSwiftUpdateCheck = 1250;
				LastUpgradeCheck = 1250;
				TargetAttributes = {
					BA2AFCB22644DB2000FFBB46 = {
						CreatedOnToolsVersion = 12.5;
					};
				};
			};
			buildConfigurationList = BA2AFCAE2644DB2000FFBB46 /* Build configuration list for PBXProject "Hacker Mobile News" */;
			compatibilityVersion = "Xcode 9.3";
			developmentRegion = en;
			hasScannedForEncodings = 0;
			knownRegions = (
				en,
				Base,
			);
			mainGroup = BA2AFCAA2644DB2000FFBB46;
			productRefGroup = BA2AFCB42644DB2000FFBB46 /* Products */;
			projectDirPath = "";
			projectRoot = "";
			targets = (
				BA2AFCB22644DB2000FFBB46 /* Hacker Mobile News */,
			);
		};
/* End PBXProject section */

/* Begin PBXResourcesBuildPhase section */
		BA2AFCB12644DB2000FFBB46 /* Resources */ = {
			isa = PBXResourcesBuildPhase;
			buildActionMask = 2147483647;
			files = (
				BA2AFCC62644DB2100FFBB46 /* LaunchScreen.storyboard in Resources */,
				BA2AFCC32644DB2100FFBB46 /* Assets.xcassets in Resources */,
			);
			runOnlyForDeploymentPostprocessing = 0;
		};
/* End PBXResourcesBuildPhase section */

/* Begin PBXSourcesBuildPhase section */
		BA2AFCAF2644DB2000FFBB46 /* Sources */ = {
			isa = PBXSourcesBuildPhase;
			buildActionMask = 2147483647;
			files = (
				BA2AFCC12644DB2000FFBB46 /* Hacker_Mobile_News.xcdatamodeld in Sources */,
				BA2AFCB72644DB2000FFBB46 /* AppDelegate.swift in Sources */,
				BA2AFCCE2644DB5F00FFBB46 /* NewsViewController.swift in Sources */,
				BA2AFCB92644DB2000FFBB46 /* SceneDelegate.swift in Sources */,
			);
			runOnlyForDeploymentPostprocessing = 0;
		};
/* End PBXSourcesBuildPhase section */

/* Begin PBXVariantGroup section */
		BA2AFCC42644DB2100FFBB46 /* LaunchScreen.storyboard */ = {
			isa = PBXVariantGroup;
			children = (
				BA2AFCC52644DB2100FFBB46 /* Base */,
			);
			name = LaunchScreen.storyboard;
			sourceTree = "<group>";
		};
/* End PBXVariantGroup section */

/* Begin XCBuildConfiguration section */
		BA2AFCC82644DB2100FFBB46 /* Debug */ = {
			isa = XCBuildConfiguration;
			buildSettings = {
				ALWAYS_SEARCH_USER_PATHS = NO;
				CLANG_ANALYZER_NONNULL = YES;
				CLANG_ANALYZER_NUMBER_OBJECT_CONVERSION = YES_AGGRESSIVE;
				CLANG_CXX_LANGUAGE_STANDARD = "gnu++14";
				CLANG_CXX_LIBRARY = "libc++";
				CLANG_ENABLE_MODULES = YES;
				CLANG_ENABLE_OBJC_ARC = YES;
				CLANG_ENABLE_OBJC_WEAK = YES;
				CLANG_WARN_BLOCK_CAPTURE_AUTORELEASING = YES;
				CLANG_WARN_BOOL_CONVERSION = YES;
				CLANG_WARN_COMMA = YES;
				CLANG_WARN_CONSTANT_CONVERSION = YES;
				CLANG_WARN_DEPRECATED_OBJC_IMPLEMENTATIONS = YES;
				CLANG_WARN_DIRECT_OBJC_ISA_USAGE = YES_ERROR;
				CLANG_WARN_DOCUMENTATION_COMMENTS = YES;
				CLANG_WARN_EMPTY_BODY = YES;
				CLANG_WARN_ENUM_CONVERSION = YES;
				CLANG_WARN_INFINITE_RECURSION = YES;
				CLANG_WARN_INT_CONVERSION = YES;
				CLANG_WARN_NON_LITERAL_NULL_CONVERSION = YES;
				CLANG_WARN_OBJC_IMPLICIT_RETAIN_SELF = YES;
				CLANG_WARN_OBJC_LITERAL_CONVERSION = YES;
				CLANG_WARN_OBJC_ROOT_CLASS = YES_ERROR;
				CLANG_WARN_QUOTED_INCLUDE_IN_FRAMEWORK_HEADER = YES;
				CLANG_WARN_RANGE_LOOP_ANALYSIS = YES;
				CLANG_WARN_STRICT_PROTOTYPES = YES;
				CLANG_WARN_SUSPICIOUS_MOVE = YES;
				CLANG_WARN_UNGUARDED_AVAILABILITY = YES_AGGRESSIVE;
				CLANG_WARN_UNREACHABLE_CODE = YES;
				CLANG_WARN__DUPLICATE_METHOD_MATCH = YES;
				COPY_PHASE_STRIP = NO;
				DEBUG_INFORMATION_FORMAT = dwarf;
				ENABLE_STRICT_OBJC_MSGSEND = YES;
				ENABLE_TESTABILITY = YES;
				GCC_C_LANGUAGE_STANDARD = gnu11;
				GCC_DYNAMIC_NO_PIC = NO;
				GCC_NO_COMMON_BLOCKS = YES;
				GCC_OPTIMIZATION_LEVEL = 0;
				GCC_PREPROCESSOR_DEFINITIONS = (
					"DEBUG=1",
					"$(inherited)",
				);
				GCC_WARN_64_TO_32_BIT_CONVERSION = YES;
				GCC_WARN_ABOUT_RETURN_TYPE = YES_ERROR;
				GCC_WARN_UNDECLARED_SELECTOR = YES;
				GCC_WARN_UNINITIALIZED_AUTOS = YES_AGGRESSIVE;
				GCC_WARN_UNUSED_FUNCTION = YES;
				GCC_WARN_UNUSED_VARIABLE = YES;
				IPHONEOS_DEPLOYMENT_TARGET = 14.5;
				MTL_ENABLE_DEBUG_INFO = INCLUDE_SOURCE;
				MTL_FAST_MATH = YES;
				ONLY_ACTIVE_ARCH = YES;
				SDKROOT = iphoneos;
				SWIFT_ACTIVE_COMPILATION_CONDITIONS = DEBUG;
				SWIFT_OPTIMIZATION_LEVEL = "-Onone";
			};
			name = Debug;
		};
		BA2AFCC92644DB2100FFBB46 /* Release */ = {
			isa = XCBuildConfiguration;
			buildSettings = {
				ALWAYS_SEARCH_USER_PATHS = NO;
				CLANG_ANALYZER_NONNULL = YES;
				CLANG_ANALYZER_NUMBER_OBJECT_CONVERSION = YES_AGGRESSIVE;
				CLANG_CXX_LANGUAGE_STANDARD = "gnu++14";
				CLANG_CXX_LIBRARY = "libc++";
				CLANG_ENABLE_MODULES = YES;
				CLANG_ENABLE_OBJC_ARC = YES;
				CLANG_ENABLE_OBJC_WEAK = YES;
				CLANG_WARN_BLOCK_CAPTURE_AUTORELEASING = YES;
				CLANG_WARN_BOOL_CONVERSION = YES;
				CLANG_WARN_COMMA = YES;
				CLANG_WARN_CONSTANT_CONVERSION = YES;
				CLANG_WARN_DEPRECATED_OBJC_IMPLEMENTATIONS = YES;
				CLANG_WARN_DIRECT_OBJC_ISA_USAGE = YES_ERROR;
				CLANG_WARN_DOCUMENTATION_COMMENTS = YES;
				CLANG_WARN_EMPTY_BODY = YES;
				CLANG_WARN_ENUM_CONVERSION = YES;
				CLANG_WARN_INFINITE_RECURSION = YES;
				CLANG_WARN_INT_CONVERSION = YES;
				CLANG_WARN_NON_LITERAL_NULL_CONVERSION = YES;
				CLANG_WARN_OBJC_IMPLICIT_RETAIN_SELF = YES;
				CLANG_WARN_OBJC_LITERAL_CONVERSION = YES;
				CLANG_WARN_OBJC_ROOT_CLASS = YES_ERROR;
				CLANG_WARN_QUOTED_INCLUDE_IN_FRAMEWORK_HEADER = YES;
				CLANG_WARN_RANGE_LOOP_ANALYSIS = YES;
				CLANG_WARN_STRICT_PROTOTYPES = YES;
				CLANG_WARN_SUSPICIOUS_MOVE = YES;
				CLANG_WARN_UNGUARDED_AVAILABILITY = YES_AGGRESSIVE;
				CLANG_WARN_UNREACHABLE_CODE = YES;
				CLANG_WARN__DUPLICATE_METHOD_MATCH = YES;
				COPY_PHASE_STRIP = NO;
				DEBUG_INFORMATION_FORMAT = "dwarf-with-dsym";
				ENABLE_NS_ASSERTIONS = NO;
				ENABLE_STRICT_OBJC_MSGSEND = YES;
				GCC_C_LANGUAGE_STANDARD = gnu11;
				GCC_NO_COMMON_BLOCKS = YES;
				GCC_WARN_64_TO_32_BIT_CONVERSION = YES;
				GCC_WARN_ABOUT_RETURN_TYPE = YES_ERROR;
				GCC_WARN_UNDECLARED_SELECTOR = YES;
				GCC_WARN_UNINITIALIZED_AUTOS = YES_AGGRESSIVE;
				GCC_WARN_UNUSED_FUNCTION = YES;
				GCC_WARN_UNUSED_VARIABLE = YES;
				IPHONEOS_DEPLOYMENT_TARGET = 14.5;
				MTL_ENABLE_DEBUG_INFO = NO;
				MTL_FAST_MATH = YES;
				SDKROOT = iphoneos;
				SWIFT_COMPILATION_MODE = wholemodule;
				SWIFT_OPTIMIZATION_LEVEL = "-O";
				VALIDATE_PRODUCT = YES;
			};
			name = Release;
		};
		BA2AFCCB2644DB2100FFBB46 /* Debug */ = {
			isa = XCBuildConfiguration;
			buildSettings = {
				ASSETCATALOG_COMPILER_APPICON_NAME = AppIcon;
				ASSETCATALOG_COMPILER_GLOBAL_ACCENT_COLOR_NAME = AccentColor;
				CODE_SIGN_STYLE = Automatic;
				DEVELOPMENT_TEAM = N4L5Q64325;
				INFOPLIST_FILE = "Hacker Mobile News/Support/Info.plist";
				LD_RUNPATH_SEARCH_PATHS = (
					"$(inherited)",
					"@executable_path/Frameworks",
				);
				PRODUCT_BUNDLE_IDENTIFIER = "com.marioelo.Hacker-Mobile-News";
				PRODUCT_NAME = "$(TARGET_NAME)";
				SWIFT_VERSION = 5.0;
				TARGETED_DEVICE_FAMILY = 1;
			};
			name = Debug;
		};
		BA2AFCCC2644DB2100FFBB46 /* Release */ = {
			isa = XCBuildConfiguration;
			buildSettings = {
				ASSETCATALOG_COMPILER_APPICON_NAME = AppIcon;
				ASSETCATALOG_COMPILER_GLOBAL_ACCENT_COLOR_NAME = AccentColor;
				CODE_SIGN_STYLE = Automatic;
				DEVELOPMENT_TEAM = N4L5Q64325;
				INFOPLIST_FILE = "Hacker Mobile News/Support/Info.plist";
				LD_RUNPATH_SEARCH_PATHS = (
					"$(inherited)",
					"@executable_path/Frameworks",
				);
				PRODUCT_BUNDLE_IDENTIFIER = "com.marioelo.Hacker-Mobile-News";
				PRODUCT_NAME = "$(TARGET_NAME)";
				SWIFT_VERSION = 5.0;
				TARGETED_DEVICE_FAMILY = 1;
			};
			name = Release;
		};
/* End XCBuildConfiguration section */

/* Begin XCConfigurationList section */
		BA2AFCAE2644DB2000FFBB46 /* Build configuration list for PBXProject "Hacker Mobile News" */ = {
			isa = XCConfigurationList;
			buildConfigurations = (
				BA2AFCC82644DB2100FFBB46 /* Debug */,
				BA2AFCC92644DB2100FFBB46 /* Release */,
			);
			defaultConfigurationIsVisible = 0;
			defaultConfigurationName = Release;
		};
		BA2AFCCA2644DB2100FFBB46 /* Build configuration list for PBXNativeTarget "Hacker Mobile News" */ = {
			isa = XCConfigurationList;
			buildConfigurations = (
				BA2AFCCB2644DB2100FFBB46 /* Debug */,
				BA2AFCCC2644DB2100FFBB46 /* Release */,
			);
			defaultConfigurationIsVisible = 0;
			defaultConfigurationName = Release;
		};
/* End XCConfigurationList section */

/* Begin XCVersionGroup section */
		BA2AFCBF2644DB2000FFBB46 /* Hacker_Mobile_News.xcdatamodeld */ = {
			isa = XCVersionGroup;
			children = (
				BA2AFCC02644DB2000FFBB46 /* Hacker_Mobile_News.xcdatamodel */,
			);
			currentVersion = BA2AFCC02644DB2000FFBB46 /* Hacker_Mobile_News.xcdatamodel */;
			path = Hacker_Mobile_News.xcdatamodeld;
			sourceTree = "<group>";
			versionGroupType = wrapper.xcdatamodel;
		};
/* End XCVersionGroup section */
	};
	rootObject = BA2AFCAB2644DB2000FFBB46 /* Project object */;
}
