// !$*UTF8*$!
{
	archiveVersion = 1;
	classes = {
	};
	objectVersion = 50;
	objects = {

/* Begin PBXBuildFile section */
		BA2AFCB72644DB2000FFBB46 /* AppDelegate.swift in Sources */ = {isa = PBXBuildFile; fileRef = BA2AFCB62644DB2000FFBB46 /* AppDelegate.swift */; };
		BA2AFCB92644DB2000FFBB46 /* SceneDelegate.swift in Sources */ = {isa = PBXBuildFile; fileRef = BA2AFCB82644DB2000FFBB46 /* SceneDelegate.swift */; };
		BA2AFCC12644DB2000FFBB46 /* Hacker_Mobile_News.xcdatamodeld in Sources */ = {isa = PBXBuildFile; fileRef = BA2AFCBF2644DB2000FFBB46 /* Hacker_Mobile_News.xcdatamodeld */; };
		BA2AFCC32644DB2100FFBB46 /* Assets.xcassets in Resources */ = {isa = PBXBuildFile; fileRef = BA2AFCC22644DB2100FFBB46 /* Assets.xcassets */; };
		BA2AFCC62644DB2100FFBB46 /* LaunchScreen.storyboard in Resources */ = {isa = PBXBuildFile; fileRef = BA2AFCC42644DB2100FFBB46 /* LaunchScreen.storyboard */; };
		BA2AFCCE2644DB5F00FFBB46 /* NewsViewController.swift in Sources */ = {isa = PBXBuildFile; fileRef = BA2AFCCD2644DB5F00FFBB46 /* NewsViewController.swift */; };
		BA2AFCD62646119100FFBB46 /* NetworkManager.swift in Sources */ = {isa = PBXBuildFile; fileRef = BA2AFCD52646119100FFBB46 /* NetworkManager.swift */; };
		BA2AFCD8264619D600FFBB46 /* StoryServerModel.swift in Sources */ = {isa = PBXBuildFile; fileRef = BA2AFCD7264619D600FFBB46 /* StoryServerModel.swift */; };
		BA2AFCDB26461CB700FFBB46 /* NetworkError.swift in Sources */ = {isa = PBXBuildFile; fileRef = BA2AFCDA26461CB700FFBB46 /* NetworkError.swift */; };
		BA2AFCDE2647694300FFBB46 /* StoryViewCell.swift in Sources */ = {isa = PBXBuildFile; fileRef = BA2AFCDD2647694300FFBB46 /* StoryViewCell.swift */; };
		BA2AFCE1264774D700FFBB46 /* TitleLabel.swift in Sources */ = {isa = PBXBuildFile; fileRef = BA2AFCE0264774D700FFBB46 /* TitleLabel.swift */; };
		BA2AFCE3264775BA00FFBB46 /* SecondaryLabel.swift in Sources */ = {isa = PBXBuildFile; fileRef = BA2AFCE2264775BA00FFBB46 /* SecondaryLabel.swift */; };
		BA2AFCE826477B5E00FFBB46 /* TimeInterval+ext.swift in Sources */ = {isa = PBXBuildFile; fileRef = BA2AFCE726477B5E00FFBB46 /* TimeInterval+ext.swift */; };
		BA2AFCF22648DCB400FFBB46 /* PersistenceManager.swift in Sources */ = {isa = PBXBuildFile; fileRef = BA2AFCF12648DCB400FFBB46 /* PersistenceManager.swift */; };
		BA2AFCF5264976DA00FFBB46 /* Story+CoreDataClass.swift in Sources */ = {isa = PBXBuildFile; fileRef = BA2AFCF3264976DA00FFBB46 /* Story+CoreDataClass.swift */; };
		BA2AFCF6264976DA00FFBB46 /* Story+CoreDataProperties.swift in Sources */ = {isa = PBXBuildFile; fileRef = BA2AFCF4264976DA00FFBB46 /* Story+CoreDataProperties.swift */; };
		BA902F8E264A273D00C115A5 /* CoreDataStack.swift in Sources */ = {isa = PBXBuildFile; fileRef = BA902F8D264A273D00C115A5 /* CoreDataStack.swift */; };
		BA902F96264A2C6900C115A5 /* Hacker_Mobile_NewsTests.swift in Sources */ = {isa = PBXBuildFile; fileRef = BA902F95264A2C6900C115A5 /* Hacker_Mobile_NewsTests.swift */; };
		BA902F9E264A2CF100C115A5 /* Date+ext.swift in Sources */ = {isa = PBXBuildFile; fileRef = BA902F9D264A2CF100C115A5 /* Date+ext.swift */; };
/* End PBXBuildFile section */

/* Begin PBXContainerItemProxy section */
		BA902F98264A2C6900C115A5 /* PBXContainerItemProxy */ = {
			isa = PBXContainerItemProxy;
			containerPortal = BA2AFCAB2644DB2000FFBB46 /* Project object */;
			proxyType = 1;
			remoteGlobalIDString = BA2AFCB22644DB2000FFBB46;
			remoteInfo = "Hacker Mobile News";
		};
/* End PBXContainerItemProxy section */

/* Begin PBXFileReference section */
		BA2AFCB32644DB2000FFBB46 /* Hacker Mobile News.app */ = {isa = PBXFileReference; explicitFileType = wrapper.application; includeInIndex = 0; path = "Hacker Mobile News.app"; sourceTree = BUILT_PRODUCTS_DIR; };
		BA2AFCB62644DB2000FFBB46 /* AppDelegate.swift */ = {isa = PBXFileReference; lastKnownFileType = sourcecode.swift; path = AppDelegate.swift; sourceTree = "<group>"; };
		BA2AFCB82644DB2000FFBB46 /* SceneDelegate.swift */ = {isa = PBXFileReference; lastKnownFileType = sourcecode.swift; path = SceneDelegate.swift; sourceTree = "<group>"; };
		BA2AFCC02644DB2000FFBB46 /* Hacker_Mobile_News.xcdatamodel */ = {isa = PBXFileReference; lastKnownFileType = wrapper.xcdatamodel; path = Hacker_Mobile_News.xcdatamodel; sourceTree = "<group>"; };
		BA2AFCC22644DB2100FFBB46 /* Assets.xcassets */ = {isa = PBXFileReference; lastKnownFileType = folder.assetcatalog; path = Assets.xcassets; sourceTree = "<group>"; };
		BA2AFCC52644DB2100FFBB46 /* Base */ = {isa = PBXFileReference; lastKnownFileType = file.storyboard; name = Base; path = Base.lproj/LaunchScreen.storyboard; sourceTree = "<group>"; };
		BA2AFCC72644DB2100FFBB46 /* Info.plist */ = {isa = PBXFileReference; lastKnownFileType = text.plist.xml; path = Info.plist; sourceTree = "<group>"; };
		BA2AFCCD2644DB5F00FFBB46 /* NewsViewController.swift */ = {isa = PBXFileReference; lastKnownFileType = sourcecode.swift; path = NewsViewController.swift; sourceTree = "<group>"; };
		BA2AFCD52646119100FFBB46 /* NetworkManager.swift */ = {isa = PBXFileReference; lastKnownFileType = sourcecode.swift; path = NetworkManager.swift; sourceTree = "<group>"; };
		BA2AFCD7264619D600FFBB46 /* StoryServerModel.swift */ = {isa = PBXFileReference; lastKnownFileType = sourcecode.swift; path = StoryServerModel.swift; sourceTree = "<group>"; };
		BA2AFCDA26461CB700FFBB46 /* NetworkError.swift */ = {isa = PBXFileReference; lastKnownFileType = sourcecode.swift; path = NetworkError.swift; sourceTree = "<group>"; };
		BA2AFCDD2647694300FFBB46 /* StoryViewCell.swift */ = {isa = PBXFileReference; lastKnownFileType = sourcecode.swift; path = StoryViewCell.swift; sourceTree = "<group>"; };
		BA2AFCE0264774D700FFBB46 /* TitleLabel.swift */ = {isa = PBXFileReference; lastKnownFileType = sourcecode.swift; path = TitleLabel.swift; sourceTree = "<group>"; };
		BA2AFCE2264775BA00FFBB46 /* SecondaryLabel.swift */ = {isa = PBXFileReference; lastKnownFileType = sourcecode.swift; path = SecondaryLabel.swift; sourceTree = "<group>"; };
		BA2AFCE726477B5E00FFBB46 /* TimeInterval+ext.swift */ = {isa = PBXFileReference; lastKnownFileType = sourcecode.swift; path = "TimeInterval+ext.swift"; sourceTree = "<group>"; };
		BA2AFCF12648DCB400FFBB46 /* PersistenceManager.swift */ = {isa = PBXFileReference; lastKnownFileType = sourcecode.swift; path = PersistenceManager.swift; sourceTree = "<group>"; };
		BA2AFCF3264976DA00FFBB46 /* Story+CoreDataClass.swift */ = {isa = PBXFileReference; lastKnownFileType = sourcecode.swift; path = "Story+CoreDataClass.swift"; sourceTree = "<group>"; };
		BA2AFCF4264976DA00FFBB46 /* Story+CoreDataProperties.swift */ = {isa = PBXFileReference; lastKnownFileType = sourcecode.swift; path = "Story+CoreDataProperties.swift"; sourceTree = "<group>"; };
		BA902F8D264A273D00C115A5 /* CoreDataStack.swift */ = {isa = PBXFileReference; lastKnownFileType = sourcecode.swift; path = CoreDataStack.swift; sourceTree = "<group>"; };
		BA902F93264A2C6900C115A5 /* Hacker Mobile NewsTests.xctest */ = {isa = PBXFileReference; explicitFileType = wrapper.cfbundle; includeInIndex = 0; path = "Hacker Mobile NewsTests.xctest"; sourceTree = BUILT_PRODUCTS_DIR; };
		BA902F95264A2C6900C115A5 /* Hacker_Mobile_NewsTests.swift */ = {isa = PBXFileReference; lastKnownFileType = sourcecode.swift; path = Hacker_Mobile_NewsTests.swift; sourceTree = "<group>"; };
		BA902F97264A2C6900C115A5 /* Info.plist */ = {isa = PBXFileReference; lastKnownFileType = text.plist.xml; path = Info.plist; sourceTree = "<group>"; };
		BA902F9D264A2CF100C115A5 /* Date+ext.swift */ = {isa = PBXFileReference; lastKnownFileType = sourcecode.swift; path = "Date+ext.swift"; sourceTree = "<group>"; };
/* End PBXFileReference section */

/* Begin PBXFrameworksBuildPhase section */
		BA2AFCB02644DB2000FFBB46 /* Frameworks */ = {
			isa = PBXFrameworksBuildPhase;
			buildActionMask = 2147483647;
			files = (
			);
			runOnlyForDeploymentPostprocessing = 0;
		};
		BA902F90264A2C6900C115A5 /* Frameworks */ = {
			isa = PBXFrameworksBuildPhase;
			buildActionMask = 2147483647;
			files = (
			);
			runOnlyForDeploymentPostprocessing = 0;
		};
/* End PBXFrameworksBuildPhase section */

/* Begin PBXGroup section */
		BA2AFCAA2644DB2000FFBB46 = {
			isa = PBXGroup;
			children = (
				BA2AFCB52644DB2000FFBB46 /* Hacker Mobile News */,
				BA902F94264A2C6900C115A5 /* Hacker Mobile NewsTests */,
				BA2AFCB42644DB2000FFBB46 /* Products */,
			);
			sourceTree = "<group>";
		};
		BA2AFCB42644DB2000FFBB46 /* Products */ = {
			isa = PBXGroup;
			children = (
				BA2AFCB32644DB2000FFBB46 /* Hacker Mobile News.app */,
				BA902F93264A2C6900C115A5 /* Hacker Mobile NewsTests.xctest */,
			);
			name = Products;
			sourceTree = "<group>";
		};
		BA2AFCB52644DB2000FFBB46 /* Hacker Mobile News */ = {
			isa = PBXGroup;
			children = (
				BA2AFCD42646117F00FFBB46 /* Managers */,
				BA2AFCD12644DB7700FFBB46 /* Models */,
				BA2AFCD02644DB7100FFBB46 /* Views */,
				BA2AFCCF2644DB6800FFBB46 /* Controllers */,
				BA2AFCD926461C8E00FFBB46 /* Utilities */,
				BA2AFCE42647776500FFBB46 /* Extensions */,
				BA2AFCD22644DD6D00FFBB46 /* Support */,
				BA2AFCC22644DB2100FFBB46 /* Assets.xcassets */,
			);
			path = "Hacker Mobile News";
			sourceTree = "<group>";
		};
		BA2AFCCF2644DB6800FFBB46 /* Controllers */ = {
			isa = PBXGroup;
			children = (
				BA2AFCCD2644DB5F00FFBB46 /* NewsViewController.swift */,
			);
			path = Controllers;
			sourceTree = "<group>";
		};
		BA2AFCD02644DB7100FFBB46 /* Views */ = {
			isa = PBXGroup;
			children = (
				BA2AFCDF264774BD00FFBB46 /* Labels */,
				BA2AFCDC2647692200FFBB46 /* Cells */,
				BA2AFCD32644DD9000FFBB46 /* Storyboards */,
			);
			path = Views;
			sourceTree = "<group>";
		};
		BA2AFCD12644DB7700FFBB46 /* Models */ = {
			isa = PBXGroup;
			children = (
				BA2AFCD7264619D600FFBB46 /* StoryServerModel.swift */,
				BA2AFCF3264976DA00FFBB46 /* Story+CoreDataClass.swift */,
				BA2AFCF4264976DA00FFBB46 /* Story+CoreDataProperties.swift */,
				BA2AFCBF2644DB2000FFBB46 /* Hacker_Mobile_News.xcdatamodeld */,
			);
			path = Models;
			sourceTree = "<group>";
		};
		BA2AFCD22644DD6D00FFBB46 /* Support */ = {
			isa = PBXGroup;
			children = (
				BA2AFCB62644DB2000FFBB46 /* AppDelegate.swift */,
				BA2AFCB82644DB2000FFBB46 /* SceneDelegate.swift */,
				BA902F8D264A273D00C115A5 /* CoreDataStack.swift */,
				BA2AFCC72644DB2100FFBB46 /* Info.plist */,
			);
			path = Support;
			sourceTree = "<group>";
		};
		BA2AFCD32644DD9000FFBB46 /* Storyboards */ = {
			isa = PBXGroup;
			children = (
				BA2AFCC42644DB2100FFBB46 /* LaunchScreen.storyboard */,
			);
			path = Storyboards;
			sourceTree = "<group>";
		};
		BA2AFCD42646117F00FFBB46 /* Managers */ = {
			isa = PBXGroup;
			children = (
				BA2AFCD52646119100FFBB46 /* NetworkManager.swift */,
				BA2AFCF12648DCB400FFBB46 /* PersistenceManager.swift */,
			);
			path = Managers;
			sourceTree = "<group>";
		};
		BA2AFCD926461C8E00FFBB46 /* Utilities */ = {
			isa = PBXGroup;
			children = (
				BA2AFCDA26461CB700FFBB46 /* NetworkError.swift */,
			);
			path = Utilities;
			sourceTree = "<group>";
		};
		BA2AFCDC2647692200FFBB46 /* Cells */ = {
			isa = PBXGroup;
			children = (
				BA2AFCDD2647694300FFBB46 /* StoryViewCell.swift */,
			);
			path = Cells;
			sourceTree = "<group>";
		};
		BA2AFCDF264774BD00FFBB46 /* Labels */ = {
			isa = PBXGroup;
			children = (
				BA2AFCE0264774D700FFBB46 /* TitleLabel.swift */,
				BA2AFCE2264775BA00FFBB46 /* SecondaryLabel.swift */,
			);
			path = Labels;
			sourceTree = "<group>";
		};
		BA2AFCE42647776500FFBB46 /* Extensions */ = {
			isa = PBXGroup;
			children = (
				BA2AFCE726477B5E00FFBB46 /* TimeInterval+ext.swift */,
				BA902F9D264A2CF100C115A5 /* Date+ext.swift */,
			);
			path = Extensions;
			sourceTree = "<group>";
		};
		BA902F94264A2C6900C115A5 /* Hacker Mobile NewsTests */ = {
			isa = PBXGroup;
			children = (
				BA902F95264A2C6900C115A5 /* Hacker_Mobile_NewsTests.swift */,
				BA902F97264A2C6900C115A5 /* Info.plist */,
			);
			path = "Hacker Mobile NewsTests";
			sourceTree = "<group>";
		};
/* End PBXGroup section */

/* Begin PBXNativeTarget section */
		BA2AFCB22644DB2000FFBB46 /* Hacker Mobile News */ = {
			isa = PBXNativeTarget;
			buildConfigurationList = BA2AFCCA2644DB2100FFBB46 /* Build configuration list for PBXNativeTarget "Hacker Mobile News" */;
			buildPhases = (
				BA2AFCAF2644DB2000FFBB46 /* Sources */,
				BA2AFCB02644DB2000FFBB46 /* Frameworks */,
				BA2AFCB12644DB2000FFBB46 /* Resources */,
			);
			buildRules = (
			);
			dependencies = (
			);
			name = "Hacker Mobile News";
			productName = "Hacker Mobile News";
			productReference = BA2AFCB32644DB2000FFBB46 /* Hacker Mobile News.app */;
			productType = "com.apple.product-type.application";
		};
		BA902F92264A2C6900C115A5 /* Hacker Mobile NewsTests */ = {
			isa = PBXNativeTarget;
			buildConfigurationList = BA902F9A264A2C6900C115A5 /* Build configuration list for PBXNativeTarget "Hacker Mobile NewsTests" */;
			buildPhases = (
				BA902F8F264A2C6900C115A5 /* Sources */,
				BA902F90264A2C6900C115A5 /* Frameworks */,
				BA902F91264A2C6900C115A5 /* Resources */,
			);
			buildRules = (
			);
			dependencies = (
				BA902F99264A2C6900C115A5 /* PBXTargetDependency */,
			);
			name = "Hacker Mobile NewsTests";
			productName = "Hacker Mobile NewsTests";
			productReference = BA902F93264A2C6900C115A5 /* Hacker Mobile NewsTests.xctest */;
			productType = "com.apple.product-type.bundle.unit-test";
		};
/* End PBXNativeTarget section */

/* Begin PBXProject section */
		BA2AFCAB2644DB2000FFBB46 /* Project object */ = {
			isa = PBXProject;
			attributes = {
				LastSwiftUpdateCheck = 1250;
				LastUpgradeCheck = 1250;
				TargetAttributes = {
					BA2AFCB22644DB2000FFBB46 = {
						CreatedOnToolsVersion = 12.5;
					};
					BA902F92264A2C6900C115A5 = {
						CreatedOnToolsVersion = 12.5;
						TestTargetID = BA2AFCB22644DB2000FFBB46;
					};
				};
			};
			buildConfigurationList = BA2AFCAE2644DB2000FFBB46 /* Build configuration list for PBXProject "Hacker Mobile News" */;
			compatibilityVersion = "Xcode 9.3";
			developmentRegion = en;
			hasScannedForEncodings = 0;
			knownRegions = (
				en,
				Base,
			);
			mainGroup = BA2AFCAA2644DB2000FFBB46;
			productRefGroup = BA2AFCB42644DB2000FFBB46 /* Products */;
			projectDirPath = "";
			projectRoot = "";
			targets = (
				BA2AFCB22644DB2000FFBB46 /* Hacker Mobile News */,
				BA902F92264A2C6900C115A5 /* Hacker Mobile NewsTests */,
			);
		};
/* End PBXProject section */

/* Begin PBXResourcesBuildPhase section */
		BA2AFCB12644DB2000FFBB46 /* Resources */ = {
			isa = PBXResourcesBuildPhase;
			buildActionMask = 2147483647;
			files = (
				BA2AFCC62644DB2100FFBB46 /* LaunchScreen.storyboard in Resources */,
				BA2AFCC32644DB2100FFBB46 /* Assets.xcassets in Resources */,
			);
			runOnlyForDeploymentPostprocessing = 0;
		};
		BA902F91264A2C6900C115A5 /* Resources */ = {
			isa = PBXResourcesBuildPhase;
			buildActionMask = 2147483647;
			files = (
			);
			runOnlyForDeploymentPostprocessing = 0;
		};
/* End PBXResourcesBuildPhase section */

/* Begin PBXSourcesBuildPhase section */
		BA2AFCAF2644DB2000FFBB46 /* Sources */ = {
			isa = PBXSourcesBuildPhase;
			buildActionMask = 2147483647;
			files = (
				BA902F8E264A273D00C115A5 /* CoreDataStack.swift in Sources */,
				BA2AFCD8264619D600FFBB46 /* StoryServerModel.swift in Sources */,
				BA2AFCF22648DCB400FFBB46 /* PersistenceManager.swift in Sources */,
				BA902F9E264A2CF100C115A5 /* Date+ext.swift in Sources */,
				BA2AFCDB26461CB700FFBB46 /* NetworkError.swift in Sources */,
				BA2AFCDE2647694300FFBB46 /* StoryViewCell.swift in Sources */,
				BA2AFCC12644DB2000FFBB46 /* Hacker_Mobile_News.xcdatamodeld in Sources */,
				BA2AFCB72644DB2000FFBB46 /* AppDelegate.swift in Sources */,
				BA2AFCD62646119100FFBB46 /* NetworkManager.swift in Sources */,
				BA2AFCF6264976DA00FFBB46 /* Story+CoreDataProperties.swift in Sources */,
				BA2AFCE1264774D700FFBB46 /* TitleLabel.swift in Sources */,
				BA2AFCE3264775BA00FFBB46 /* SecondaryLabel.swift in Sources */,
				BA2AFCE826477B5E00FFBB46 /* TimeInterval+ext.swift in Sources */,
				BA2AFCCE2644DB5F00FFBB46 /* NewsViewController.swift in Sources */,
				BA2AFCB92644DB2000FFBB46 /* SceneDelegate.swift in Sources */,
				BA2AFCF5264976DA00FFBB46 /* Story+CoreDataClass.swift in Sources */,
			);
			runOnlyForDeploymentPostprocessing = 0;
		};
		BA902F8F264A2C6900C115A5 /* Sources */ = {
			isa = PBXSourcesBuildPhase;
			buildActionMask = 2147483647;
			files = (
				BA902F96264A2C6900C115A5 /* Hacker_Mobile_NewsTests.swift in Sources */,
			);
			runOnlyForDeploymentPostprocessing = 0;
		};
/* End PBXSourcesBuildPhase section */

/* Begin PBXTargetDependency section */
		BA902F99264A2C6900C115A5 /* PBXTargetDependency */ = {
			isa = PBXTargetDependency;
			target = BA2AFCB22644DB2000FFBB46 /* Hacker Mobile News */;
			targetProxy = BA902F98264A2C6900C115A5 /* PBXContainerItemProxy */;
		};
/* End PBXTargetDependency section */

/* Begin PBXVariantGroup section */
		BA2AFCC42644DB2100FFBB46 /* LaunchScreen.storyboard */ = {
			isa = PBXVariantGroup;
			children = (
				BA2AFCC52644DB2100FFBB46 /* Base */,
			);
			name = LaunchScreen.storyboard;
			sourceTree = "<group>";
		};
/* End PBXVariantGroup section */

/* Begin XCBuildConfiguration section */
		BA2AFCC82644DB2100FFBB46 /* Debug */ = {
			isa = XCBuildConfiguration;
			buildSettings = {
				ALWAYS_SEARCH_USER_PATHS = NO;
				CLANG_ANALYZER_NONNULL = YES;
				CLANG_ANALYZER_NUMBER_OBJECT_CONVERSION = YES_AGGRESSIVE;
				CLANG_CXX_LANGUAGE_STANDARD = "gnu++14";
				CLANG_CXX_LIBRARY = "libc++";
				CLANG_ENABLE_MODULES = YES;
				CLANG_ENABLE_OBJC_ARC = YES;
				CLANG_ENABLE_OBJC_WEAK = YES;
				CLANG_WARN_BLOCK_CAPTURE_AUTORELEASING = YES;
				CLANG_WARN_BOOL_CONVERSION = YES;
				CLANG_WARN_COMMA = YES;
				CLANG_WARN_CONSTANT_CONVERSION = YES;
				CLANG_WARN_DEPRECATED_OBJC_IMPLEMENTATIONS = YES;
				CLANG_WARN_DIRECT_OBJC_ISA_USAGE = YES_ERROR;
				CLANG_WARN_DOCUMENTATION_COMMENTS = YES;
				CLANG_WARN_EMPTY_BODY = YES;
				CLANG_WARN_ENUM_CONVERSION = YES;
				CLANG_WARN_INFINITE_RECURSION = YES;
				CLANG_WARN_INT_CONVERSION = YES;
				CLANG_WARN_NON_LITERAL_NULL_CONVERSION = YES;
				CLANG_WARN_OBJC_IMPLICIT_RETAIN_SELF = YES;
				CLANG_WARN_OBJC_LITERAL_CONVERSION = YES;
				CLANG_WARN_OBJC_ROOT_CLASS = YES_ERROR;
				CLANG_WARN_QUOTED_INCLUDE_IN_FRAMEWORK_HEADER = YES;
				CLANG_WARN_RANGE_LOOP_ANALYSIS = YES;
				CLANG_WARN_STRICT_PROTOTYPES = YES;
				CLANG_WARN_SUSPICIOUS_MOVE = YES;
				CLANG_WARN_UNGUARDED_AVAILABILITY = YES_AGGRESSIVE;
				CLANG_WARN_UNREACHABLE_CODE = YES;
				CLANG_WARN__DUPLICATE_METHOD_MATCH = YES;
				COPY_PHASE_STRIP = NO;
				DEBUG_INFORMATION_FORMAT = dwarf;
				ENABLE_STRICT_OBJC_MSGSEND = YES;
				ENABLE_TESTABILITY = YES;
				GCC_C_LANGUAGE_STANDARD = gnu11;
				GCC_DYNAMIC_NO_PIC = NO;
				GCC_NO_COMMON_BLOCKS = YES;
				GCC_OPTIMIZATION_LEVEL = 0;
				GCC_PREPROCESSOR_DEFINITIONS = (
					"DEBUG=1",
					"$(inherited)",
				);
				GCC_WARN_64_TO_32_BIT_CONVERSION = YES;
				GCC_WARN_ABOUT_RETURN_TYPE = YES_ERROR;
				GCC_WARN_UNDECLARED_SELECTOR = YES;
				GCC_WARN_UNINITIALIZED_AUTOS = YES_AGGRESSIVE;
				GCC_WARN_UNUSED_FUNCTION = YES;
				GCC_WARN_UNUSED_VARIABLE = YES;
				IPHONEOS_DEPLOYMENT_TARGET = 14.5;
				MTL_ENABLE_DEBUG_INFO = INCLUDE_SOURCE;
				MTL_FAST_MATH = YES;
				ONLY_ACTIVE_ARCH = YES;
				SDKROOT = iphoneos;
				SWIFT_ACTIVE_COMPILATION_CONDITIONS = DEBUG;
				SWIFT_OPTIMIZATION_LEVEL = "-Onone";
			};
			name = Debug;
		};
		BA2AFCC92644DB2100FFBB46 /* Release */ = {
			isa = XCBuildConfiguration;
			buildSettings = {
				ALWAYS_SEARCH_USER_PATHS = NO;
				CLANG_ANALYZER_NONNULL = YES;
				CLANG_ANALYZER_NUMBER_OBJECT_CONVERSION = YES_AGGRESSIVE;
				CLANG_CXX_LANGUAGE_STANDARD = "gnu++14";
				CLANG_CXX_LIBRARY = "libc++";
				CLANG_ENABLE_MODULES = YES;
				CLANG_ENABLE_OBJC_ARC = YES;
				CLANG_ENABLE_OBJC_WEAK = YES;
				CLANG_WARN_BLOCK_CAPTURE_AUTORELEASING = YES;
				CLANG_WARN_BOOL_CONVERSION = YES;
				CLANG_WARN_COMMA = YES;
				CLANG_WARN_CONSTANT_CONVERSION = YES;
				CLANG_WARN_DEPRECATED_OBJC_IMPLEMENTATIONS = YES;
				CLANG_WARN_DIRECT_OBJC_ISA_USAGE = YES_ERROR;
				CLANG_WARN_DOCUMENTATION_COMMENTS = YES;
				CLANG_WARN_EMPTY_BODY = YES;
				CLANG_WARN_ENUM_CONVERSION = YES;
				CLANG_WARN_INFINITE_RECURSION = YES;
				CLANG_WARN_INT_CONVERSION = YES;
				CLANG_WARN_NON_LITERAL_NULL_CONVERSION = YES;
				CLANG_WARN_OBJC_IMPLICIT_RETAIN_SELF = YES;
				CLANG_WARN_OBJC_LITERAL_CONVERSION = YES;
				CLANG_WARN_OBJC_ROOT_CLASS = YES_ERROR;
				CLANG_WARN_QUOTED_INCLUDE_IN_FRAMEWORK_HEADER = YES;
				CLANG_WARN_RANGE_LOOP_ANALYSIS = YES;
				CLANG_WARN_STRICT_PROTOTYPES = YES;
				CLANG_WARN_SUSPICIOUS_MOVE = YES;
				CLANG_WARN_UNGUARDED_AVAILABILITY = YES_AGGRESSIVE;
				CLANG_WARN_UNREACHABLE_CODE = YES;
				CLANG_WARN__DUPLICATE_METHOD_MATCH = YES;
				COPY_PHASE_STRIP = NO;
				DEBUG_INFORMATION_FORMAT = "dwarf-with-dsym";
				ENABLE_NS_ASSERTIONS = NO;
				ENABLE_STRICT_OBJC_MSGSEND = YES;
				GCC_C_LANGUAGE_STANDARD = gnu11;
				GCC_NO_COMMON_BLOCKS = YES;
				GCC_WARN_64_TO_32_BIT_CONVERSION = YES;
				GCC_WARN_ABOUT_RETURN_TYPE = YES_ERROR;
				GCC_WARN_UNDECLARED_SELECTOR = YES;
				GCC_WARN_UNINITIALIZED_AUTOS = YES_AGGRESSIVE;
				GCC_WARN_UNUSED_FUNCTION = YES;
				GCC_WARN_UNUSED_VARIABLE = YES;
				IPHONEOS_DEPLOYMENT_TARGET = 14.5;
				MTL_ENABLE_DEBUG_INFO = NO;
				MTL_FAST_MATH = YES;
				SDKROOT = iphoneos;
				SWIFT_COMPILATION_MODE = wholemodule;
				SWIFT_OPTIMIZATION_LEVEL = "-O";
				VALIDATE_PRODUCT = YES;
			};
			name = Release;
		};
		BA2AFCCB2644DB2100FFBB46 /* Debug */ = {
			isa = XCBuildConfiguration;
			buildSettings = {
				ASSETCATALOG_COMPILER_APPICON_NAME = AppIcon;
				ASSETCATALOG_COMPILER_GLOBAL_ACCENT_COLOR_NAME = AccentColor;
				CODE_SIGN_STYLE = Automatic;
				DEVELOPMENT_TEAM = WU4PT86EQ2;
				INFOPLIST_FILE = "Hacker Mobile News/Support/Info.plist";
				LD_RUNPATH_SEARCH_PATHS = (
					"$(inherited)",
					"@executable_path/Frameworks",
				);
				PRODUCT_BUNDLE_IDENTIFIER = "com.marioelo.Hacker-Mobile-News";
				PRODUCT_NAME = "$(TARGET_NAME)";
				SWIFT_VERSION = 5.0;
				TARGETED_DEVICE_FAMILY = 1;
			};
			name = Debug;
		};
		BA2AFCCC2644DB2100FFBB46 /* Release */ = {
			isa = XCBuildConfiguration;
			buildSettings = {
				ASSETCATALOG_COMPILER_APPICON_NAME = AppIcon;
				ASSETCATALOG_COMPILER_GLOBAL_ACCENT_COLOR_NAME = AccentColor;
				CODE_SIGN_STYLE = Automatic;
				DEVELOPMENT_TEAM = WU4PT86EQ2;
				INFOPLIST_FILE = "Hacker Mobile News/Support/Info.plist";
				LD_RUNPATH_SEARCH_PATHS = (
					"$(inherited)",
					"@executable_path/Frameworks",
				);
				PRODUCT_BUNDLE_IDENTIFIER = "com.marioelo.Hacker-Mobile-News";
				PRODUCT_NAME = "$(TARGET_NAME)";
				SWIFT_VERSION = 5.0;
				TARGETED_DEVICE_FAMILY = 1;
			};
			name = Release;
		};
		BA902F9B264A2C6900C115A5 /* Debug */ = {
			isa = XCBuildConfiguration;
			buildSettings = {
				BUNDLE_LOADER = "$(TEST_HOST)";
				CODE_SIGN_STYLE = Automatic;
				DEVELOPMENT_TEAM = N4L5Q64325;
				INFOPLIST_FILE = "Hacker Mobile NewsTests/Info.plist";
				LD_RUNPATH_SEARCH_PATHS = (
					"$(inherited)",
					"@executable_path/Frameworks",
					"@loader_path/Frameworks",
				);
				PRODUCT_BUNDLE_IDENTIFIER = "com.marioelo.Hacker-Mobile-NewsTests";
				PRODUCT_NAME = "$(TARGET_NAME)";
				SWIFT_VERSION = 5.0;
				TARGETED_DEVICE_FAMILY = "1,2";
				TEST_HOST = "$(BUILT_PRODUCTS_DIR)/Hacker Mobile News.app/Hacker Mobile News";
			};
			name = Debug;
		};
		BA902F9C264A2C6900C115A5 /* Release */ = {
			isa = XCBuildConfiguration;
			buildSettings = {
				BUNDLE_LOADER = "$(TEST_HOST)";
				CODE_SIGN_STYLE = Automatic;
				DEVELOPMENT_TEAM = N4L5Q64325;
				INFOPLIST_FILE = "Hacker Mobile NewsTests/Info.plist";
				LD_RUNPATH_SEARCH_PATHS = (
					"$(inherited)",
					"@executable_path/Frameworks",
					"@loader_path/Frameworks",
				);
				PRODUCT_BUNDLE_IDENTIFIER = "com.marioelo.Hacker-Mobile-NewsTests";
				PRODUCT_NAME = "$(TARGET_NAME)";
				SWIFT_VERSION = 5.0;
				TARGETED_DEVICE_FAMILY = "1,2";
				TEST_HOST = "$(BUILT_PRODUCTS_DIR)/Hacker Mobile News.app/Hacker Mobile News";
			};
			name = Release;
		};
/* End XCBuildConfiguration section */

/* Begin XCConfigurationList section */
		BA2AFCAE2644DB2000FFBB46 /* Build configuration list for PBXProject "Hacker Mobile News" */ = {
			isa = XCConfigurationList;
			buildConfigurations = (
				BA2AFCC82644DB2100FFBB46 /* Debug */,
				BA2AFCC92644DB2100FFBB46 /* Release */,
			);
			defaultConfigurationIsVisible = 0;
			defaultConfigurationName = Release;
		};
		BA2AFCCA2644DB2100FFBB46 /* Build configuration list for PBXNativeTarget "Hacker Mobile News" */ = {
			isa = XCConfigurationList;
			buildConfigurations = (
				BA2AFCCB2644DB2100FFBB46 /* Debug */,
				BA2AFCCC2644DB2100FFBB46 /* Release */,
			);
			defaultConfigurationIsVisible = 0;
			defaultConfigurationName = Release;
		};
		BA902F9A264A2C6900C115A5 /* Build configuration list for PBXNativeTarget "Hacker Mobile NewsTests" */ = {
			isa = XCConfigurationList;
			buildConfigurations = (
				BA902F9B264A2C6900C115A5 /* Debug */,
				BA902F9C264A2C6900C115A5 /* Release */,
			);
			defaultConfigurationIsVisible = 0;
			defaultConfigurationName = Release;
		};
/* End XCConfigurationList section */

/* Begin XCVersionGroup section */
		BA2AFCBF2644DB2000FFBB46 /* Hacker_Mobile_News.xcdatamodeld */ = {
			isa = XCVersionGroup;
			children = (
				BA2AFCC02644DB2000FFBB46 /* Hacker_Mobile_News.xcdatamodel */,
			);
			currentVersion = BA2AFCC02644DB2000FFBB46 /* Hacker_Mobile_News.xcdatamodel */;
			path = Hacker_Mobile_News.xcdatamodeld;
			sourceTree = "<group>";
			versionGroupType = wrapper.xcdatamodel;
		};
/* End XCVersionGroup section */
	};
	rootObject = BA2AFCAB2644DB2000FFBB46 /* Project object */;
}
